
Microsoft Visual Studio Solution File, Format Version 12.00
# Visual Studio Version 17
VisualStudioVersion = 17.8.34316.72
MinimumVisualStudioVersion = 10.0.40219.1
Project("{8BC9CEB8-8B4A-11D0-8D11-00A0C91BC942}") = "SchoolBasic", "SchoolBasic.vcxproj", "{9CFFE97D-7F42-4360-9413-CD75203D1597}"
EndProject
Global
	GlobalSection(SolutionConfigurationPlatforms) = preSolution
		Debug|x64 = Debug|x64
		Debug|x86 = Debug|x86
		Release|x64 = Release|x64
		Release|x86 = Release|x86
	EndGlobalSection
	GlobalSection(ProjectConfigurationPlatforms) = postSolution
		{9CFFE97D-7F42-4360-9413-CD75203D1597}.Debug|x64.ActiveCfg = Debug|x64
		{9CFFE97D-7F42-4360-9413-CD75203D1597}.Debug|x64.Build.0 = Debug|x64
		{9CFFE97D-7F42-4360-9413-CD75203D1597}.Debug|x86.ActiveCfg = Debug|Win32
		{9CFFE97D-7F42-4360-9413-CD75203D1597}.Debug|x86.Build.0 = Debug|Win32
		{9CFFE97D-7F42-4360-9413-CD75203D1597}.Release|x64.ActiveCfg = Release|x64
		{9CFFE97D-7F42-4360-9413-CD75203D1597}.Release|x64.Build.0 = Release|x64
		{9CFFE97D-7F42-4360-9413-CD75203D1597}.Release|x86.ActiveCfg = Release|Win32
		{9CFFE97D-7F42-4360-9413-CD75203D1597}.Release|x86.Build.0 = Release|Win32
	EndGlobalSection
	GlobalSection(SolutionProperties) = preSolution
		HideSolutionNode = FALSE
	EndGlobalSection
	GlobalSection(ExtensibilityGlobals) = postSolution
		SolutionGuid = {FB9F8277-4259-4D5C-A9CC-F64BDFD3D8DA}
	EndGlobalSection
EndGlobal
